
Microsoft Visual Studio Solution File, Format Version 12.00
# Visual Studio for Mac
Project("{FAE04EC0-301F-11D3-BF4B-00C04F79EFBC}") = "Comp30019Proj2", "Assembly-CSharp.csproj", "{997B1A29-FB07-EF5F-8001-766A3AC2272A}"
EndProject
Global
	GlobalSection(SolutionConfigurationPlatforms) = preSolution
		Debug|Any CPU = Debug|Any CPU
		Release|Any CPU = Release|Any CPU
	EndGlobalSection
	GlobalSection(ProjectConfigurationPlatforms) = postSolution
		{997B1A29-FB07-EF5F-8001-766A3AC2272A}.Debug|Any CPU.ActiveCfg = Debug|Any CPU
		{997B1A29-FB07-EF5F-8001-766A3AC2272A}.Debug|Any CPU.Build.0 = Debug|Any CPU
		{997B1A29-FB07-EF5F-8001-766A3AC2272A}.Release|Any CPU.ActiveCfg = Release|Any CPU
		{997B1A29-FB07-EF5F-8001-766A3AC2272A}.Release|Any CPU.Build.0 = Release|Any CPU
	EndGlobalSection
	GlobalSection(SolutionProperties) = preSolution
		HideSolutionNode = FALSE
	EndGlobalSection
EndGlobal
