
Microsoft Visual Studio Solution File, Format Version 12.00
# Visual Studio 15
Project("{FAE04EC0-301F-11D3-BF4B-00C04F79EFBC}") = "Comp30019Proj2", "Assembly-CSharp.csproj", "{997B1A29-FB07-EF5F-8001-766A3AC2272A}"
EndProject
Project("{FAE04EC0-301F-11D3-BF4B-00C04F79EFBC}") = "Comp30019Proj2", "Assembly-CSharp-firstpass.csproj", "{7AB6ECF4-F93A-7990-8393-FF8B59246895}"
EndProject
Project("{FAE04EC0-301F-11D3-BF4B-00C04F79EFBC}") = "Comp30019Proj2", "Assembly-CSharp-Editor-firstpass.csproj", "{46A4961B-1482-9EB4-D35C-A691657FF524}"
EndProject
Global
	GlobalSection(SolutionConfigurationPlatforms) = preSolution
		Debug|Any CPU = Debug|Any CPU
		Release|Any CPU = Release|Any CPU
	EndGlobalSection
	GlobalSection(ProjectConfigurationPlatforms) = postSolution
		{997B1A29-FB07-EF5F-8001-766A3AC2272A}.Debug|Any CPU.ActiveCfg = Debug|Any CPU
		{997B1A29-FB07-EF5F-8001-766A3AC2272A}.Debug|Any CPU.Build.0 = Debug|Any CPU
		{997B1A29-FB07-EF5F-8001-766A3AC2272A}.Release|Any CPU.ActiveCfg = Release|Any CPU
		{997B1A29-FB07-EF5F-8001-766A3AC2272A}.Release|Any CPU.Build.0 = Release|Any CPU
		{7AB6ECF4-F93A-7990-8393-FF8B59246895}.Debug|Any CPU.ActiveCfg = Debug|Any CPU
		{7AB6ECF4-F93A-7990-8393-FF8B59246895}.Debug|Any CPU.Build.0 = Debug|Any CPU
		{7AB6ECF4-F93A-7990-8393-FF8B59246895}.Release|Any CPU.ActiveCfg = Release|Any CPU
		{7AB6ECF4-F93A-7990-8393-FF8B59246895}.Release|Any CPU.Build.0 = Release|Any CPU
		{46A4961B-1482-9EB4-D35C-A691657FF524}.Debug|Any CPU.ActiveCfg = Debug|Any CPU
		{46A4961B-1482-9EB4-D35C-A691657FF524}.Debug|Any CPU.Build.0 = Debug|Any CPU
		{46A4961B-1482-9EB4-D35C-A691657FF524}.Release|Any CPU.ActiveCfg = Release|Any CPU
		{46A4961B-1482-9EB4-D35C-A691657FF524}.Release|Any CPU.Build.0 = Release|Any CPU
	EndGlobalSection
	GlobalSection(SolutionProperties) = preSolution
		HideSolutionNode = FALSE
	EndGlobalSection
EndGlobal
